<?xml version="1.0" encoding="utf-8"?>
<Project ToolsVersion="4.0" xmlns="http://schemas.microsoft.com/developer/msbuild/2003">
  <ItemGroup>
    <Filter Include="Source Files">
      <UniqueIdentifier>{4FC737F1-C7A5-4376-A066-2A32D752A2FF}</UniqueIdentifier>
      <Extensions>cpp;c;cc;cxx;def;odl;idl;hpj;bat;asm;asmx</Extensions>
    </Filter>
    <Filter Include="Header Files">
      <UniqueIdentifier>{93995380-89BD-4b04-88EB-625FBE52EBFB}</UniqueIdentifier>
      <Extensions>h;hh;hpp;hxx;hm;inl;inc;ipp;xsd</Extensions>
    </Filter>
    <Filter Include="Resource Files">
      <UniqueIdentifier>{67DA6AB6-F800-4c08-8B7A-83BB121AAD01}</UniqueIdentifier>
      <Extensions>rc;ico;cur;bmp;dlg;rc2;rct;bin;rgs;gif;jpg;jpeg;jpe;resx;tiff;tif;png;wav;mfcribbon-ms</Extensions>
    </Filter>
    <Filter Include="Header Files\LCD">
      <UniqueIdentifier>{dd490bab-fa6e-4d15-b63e-3660831a9343}</UniqueIdentifier>
    </Filter>
    <Filter Include="Header Files\EVENTS">
      <UniqueIdentifier>{00c75cd5-631e-447d-b3e8-483409b7efc4}</UniqueIdentifier>
    </Filter>
    <Filter Include="Source Files\LCD">
      <UniqueIdentifier>{792a75ca-1597-4c85-8157-d22feb1b7f3e}</UniqueIdentifier>
    </Filter>
    <Filter Include="Source Files\EVENTS">
      <UniqueIdentifier>{82ec72ff-80af-4e75-a6a8-ad366a73a9cd}</UniqueIdentifier>
    </Filter>
  </ItemGroup>
  <ItemGroup>
    <ClInclude Include="basicLCD.h">
      <Filter>Header Files\LCD</Filter>
    </ClInclude>
    <ClInclude Include="eventGeneratorBundle.h">
      <Filter>Header Files\EVENTS</Filter>
    </ClInclude>
    <ClInclude Include="genericEventGenerator.h">
      <Filter>Header Files\EVENTS</Filter>
    </ClInclude>
    <ClInclude Include="ftd2xx.h">
      <Filter>Header Files\LCD</Filter>
    </ClInclude>
    <ClInclude Include="HitachiHD44780.h">
      <Filter>Header Files\LCD</Filter>
    </ClInclude>
    <ClInclude Include="HitachiHD44780Driver.h">
      <Filter>Header Files\LCD</Filter>
    </ClInclude>
    <ClInclude Include="keyboardEvents.h">
      <Filter>Header Files\EVENTS</Filter>
    </ClInclude>
    <ClInclude Include="networkingEvents.h">
      <Filter>Header Files\EVENTS</Filter>
    </ClInclude>
    <ClInclude Include="timerEvents.h">
      <Filter>Header Files\EVENTS</Filter>
    </ClInclude>
    <ClInclude Include="twitterEvents.h">
      <Filter>Header Files\EVENTS</Filter>
    </ClInclude>
  </ItemGroup>
  <ItemGroup>
    <ClCompile Include="Main.cpp">
      <Filter>Source Files</Filter>
    </ClCompile>
    <ClCompile Include="basicLCD.cpp">
      <Filter>Source Files\LCD</Filter>
    </ClCompile>
    <ClCompile Include="eventGeneratorBundle.cpp">
      <Filter>Source Files\EVENTS</Filter>
    </ClCompile>
    <ClCompile Include="HitachiHD44780.cpp">
      <Filter>Source Files\LCD</Filter>
    </ClCompile>
    <ClCompile Include="HitachiHD44780Driver.cpp">
      <Filter>Source Files\LCD</Filter>
    </ClCompile>
    <ClCompile Include="keyboardEvents.cpp">
      <Filter>Source Files\EVENTS</Filter>
    </ClCompile>
    <ClCompile Include="networkingEvents.cpp">
      <Filter>Source Files\EVENTS</Filter>
    </ClCompile>
    <ClCompile Include="timerEvents.cpp">
      <Filter>Source Files\EVENTS</Filter>
    </ClCompile>
    <ClCompile Include="twitterEvents.cpp">
      <Filter>Source Files\EVENTS</Filter>
    </ClCompile>
  </ItemGroup>
  <ItemGroup>
    <None Include="packages.config" />
  </ItemGroup>
</Project>